// !$*UTF8*$!
{
	archiveVersion = 1;
	classes = {
	};
	objectVersion = 46;
	objects = {

/* Begin PBXBuildFile section */
		6EA0379E1AAEFB31001FAEDB /* AppDelegate.swift in Sources */ = {isa = PBXBuildFile; fileRef = 6EA0379D1AAEFB31001FAEDB /* AppDelegate.swift */; };
		6EA037A01AAEFB31001FAEDB /* ViewController.swift in Sources */ = {isa = PBXBuildFile; fileRef = 6EA0379F1AAEFB31001FAEDB /* ViewController.swift */; };
		6EA037A31AAEFB32001FAEDB /* Main.storyboard in Resources */ = {isa = PBXBuildFile; fileRef = 6EA037A11AAEFB32001FAEDB /* Main.storyboard */; };
		6EA037A51AAEFB32001FAEDB /* Images.xcassets in Resources */ = {isa = PBXBuildFile; fileRef = 6EA037A41AAEFB32001FAEDB /* Images.xcassets */; };
		6EA037A81AAEFB32001FAEDB /* LaunchScreen.xib in Resources */ = {isa = PBXBuildFile; fileRef = 6EA037A61AAEFB32001FAEDB /* LaunchScreen.xib */; };
		6EA037B41AAEFB32001FAEDB /* SocketIOSampleTests.swift in Sources */ = {isa = PBXBuildFile; fileRef = 6EA037B31AAEFB32001FAEDB /* SocketIOSampleTests.swift */; };
		6EA037C21AAEFC92001FAEDB /* SRWebSocket.m in Sources */ = {isa = PBXBuildFile; fileRef = 6EA037C11AAEFC92001FAEDB /* SRWebSocket.m */; };
		6EA037C41AAEFDA8001FAEDB /* libicucore.dylib in Frameworks */ = {isa = PBXBuildFile; fileRef = 6EA037C31AAEFDA8001FAEDB /* libicucore.dylib */; };
		6EA037C61AAEFDB7001FAEDB /* CFNetwork.framework in Frameworks */ = {isa = PBXBuildFile; fileRef = 6EA037C51AAEFDB7001FAEDB /* CFNetwork.framework */; };
		6EA037C81AAEFDC4001FAEDB /* Security.framework in Frameworks */ = {isa = PBXBuildFile; fileRef = 6EA037C71AAEFDC4001FAEDB /* Security.framework */; };
		6EA037CA1AAEFDDB001FAEDB /* Foundation.framework in Frameworks */ = {isa = PBXBuildFile; fileRef = 6EA037C91AAEFDDB001FAEDB /* Foundation.framework */; };
		6EA037D41AAF0426001FAEDB /* SocketAckHandler.swift in Sources */ = {isa = PBXBuildFile; fileRef = 6EA037CE1AAF0426001FAEDB /* SocketAckHandler.swift */; };
		6EA037D51AAF0426001FAEDB /* SocketEngine.swift in Sources */ = {isa = PBXBuildFile; fileRef = 6EA037CF1AAF0426001FAEDB /* SocketEngine.swift */; };
		6EA037D61AAF0426001FAEDB /* SocketEvent.swift in Sources */ = {isa = PBXBuildFile; fileRef = 6EA037D01AAF0426001FAEDB /* SocketEvent.swift */; };
		6EA037D71AAF0426001FAEDB /* SocketEventHandler.swift in Sources */ = {isa = PBXBuildFile; fileRef = 6EA037D11AAF0426001FAEDB /* SocketEventHandler.swift */; };
		6EA037D81AAF0426001FAEDB /* SocketIOClient.swift in Sources */ = {isa = PBXBuildFile; fileRef = 6EA037D21AAF0426001FAEDB /* SocketIOClient.swift */; };
		6EA037D91AAF0426001FAEDB /* SwiftRegex.swift in Sources */ = {isa = PBXBuildFile; fileRef = 6EA037D31AAF0426001FAEDB /* SwiftRegex.swift */; };
/* End PBXBuildFile section */

/* Begin PBXContainerItemProxy section */
		6EA037AE1AAEFB32001FAEDB /* PBXContainerItemProxy */ = {
			isa = PBXContainerItemProxy;
			containerPortal = 6EA037901AAEFB31001FAEDB /* Project object */;
			proxyType = 1;
			remoteGlobalIDString = 6EA037971AAEFB31001FAEDB;
			remoteInfo = SocketIOSample;
		};
/* End PBXContainerItemProxy section */

/* Begin PBXFileReference section */
		6EA037981AAEFB31001FAEDB /* SocketIOSample.app */ = {isa = PBXFileReference; explicitFileType = wrapper.application; includeInIndex = 0; path = SocketIOSample.app; sourceTree = BUILT_PRODUCTS_DIR; };
		6EA0379C1AAEFB31001FAEDB /* Info.plist */ = {isa = PBXFileReference; lastKnownFileType = text.plist.xml; path = Info.plist; sourceTree = "<group>"; };
		6EA0379D1AAEFB31001FAEDB /* AppDelegate.swift */ = {isa = PBXFileReference; lastKnownFileType = sourcecode.swift; path = AppDelegate.swift; sourceTree = "<group>"; };
		6EA0379F1AAEFB31001FAEDB /* ViewController.swift */ = {isa = PBXFileReference; lastKnownFileType = sourcecode.swift; path = ViewController.swift; sourceTree = "<group>"; };
		6EA037A21AAEFB32001FAEDB /* Base */ = {isa = PBXFileReference; lastKnownFileType = file.storyboard; name = Base; path = Base.lproj/Main.storyboard; sourceTree = "<group>"; };
		6EA037A41AAEFB32001FAEDB /* Images.xcassets */ = {isa = PBXFileReference; lastKnownFileType = folder.assetcatalog; path = Images.xcassets; sourceTree = "<group>"; };
		6EA037A71AAEFB32001FAEDB /* Base */ = {isa = PBXFileReference; lastKnownFileType = file.xib; name = Base; path = Base.lproj/LaunchScreen.xib; sourceTree = "<group>"; };
		6EA037AD1AAEFB32001FAEDB /* SocketIOSampleTests.xctest */ = {isa = PBXFileReference; explicitFileType = wrapper.cfbundle; includeInIndex = 0; path = SocketIOSampleTests.xctest; sourceTree = BUILT_PRODUCTS_DIR; };
		6EA037B21AAEFB32001FAEDB /* Info.plist */ = {isa = PBXFileReference; lastKnownFileType = text.plist.xml; path = Info.plist; sourceTree = "<group>"; };
		6EA037B31AAEFB32001FAEDB /* SocketIOSampleTests.swift */ = {isa = PBXFileReference; lastKnownFileType = sourcecode.swift; path = SocketIOSampleTests.swift; sourceTree = "<group>"; };
		6EA037BF1AAEFC92001FAEDB /* SocketRocket-Prefix.pch */ = {isa = PBXFileReference; fileEncoding = 4; lastKnownFileType = sourcecode.c.h; path = "SocketRocket-Prefix.pch"; sourceTree = "<group>"; };
		6EA037C01AAEFC92001FAEDB /* SRWebSocket.h */ = {isa = PBXFileReference; fileEncoding = 4; lastKnownFileType = sourcecode.c.h; path = SRWebSocket.h; sourceTree = "<group>"; };
		6EA037C11AAEFC92001FAEDB /* SRWebSocket.m */ = {isa = PBXFileReference; fileEncoding = 4; lastKnownFileType = sourcecode.c.objc; path = SRWebSocket.m; sourceTree = "<group>"; };
		6EA037C31AAEFDA8001FAEDB /* libicucore.dylib */ = {isa = PBXFileReference; lastKnownFileType = "compiled.mach-o.dylib"; name = libicucore.dylib; path = usr/lib/libicucore.dylib; sourceTree = SDKROOT; };
		6EA037C51AAEFDB7001FAEDB /* CFNetwork.framework */ = {isa = PBXFileReference; lastKnownFileType = wrapper.framework; name = CFNetwork.framework; path = System/Library/Frameworks/CFNetwork.framework; sourceTree = SDKROOT; };
		6EA037C71AAEFDC4001FAEDB /* Security.framework */ = {isa = PBXFileReference; lastKnownFileType = wrapper.framework; name = Security.framework; path = System/Library/Frameworks/Security.framework; sourceTree = SDKROOT; };
		6EA037C91AAEFDDB001FAEDB /* Foundation.framework */ = {isa = PBXFileReference; lastKnownFileType = wrapper.framework; name = Foundation.framework; path = System/Library/Frameworks/Foundation.framework; sourceTree = SDKROOT; };
		6EA037CC1AAEFF61001FAEDB /* SocketRocket-Bridging-Header.h */ = {isa = PBXFileReference; lastKnownFileType = sourcecode.c.h; name = "SocketRocket-Bridging-Header.h"; path = "SocketIOSample/SocketRocket-Bridging-Header.h"; sourceTree = "<group>"; };
		6EA037CE1AAF0426001FAEDB /* SocketAckHandler.swift */ = {isa = PBXFileReference; fileEncoding = 4; lastKnownFileType = sourcecode.swift; path = SocketAckHandler.swift; sourceTree = "<group>"; };
		6EA037CF1AAF0426001FAEDB /* SocketEngine.swift */ = {isa = PBXFileReference; fileEncoding = 4; lastKnownFileType = sourcecode.swift; path = SocketEngine.swift; sourceTree = "<group>"; };
		6EA037D01AAF0426001FAEDB /* SocketEvent.swift */ = {isa = PBXFileReference; fileEncoding = 4; lastKnownFileType = sourcecode.swift; path = SocketEvent.swift; sourceTree = "<group>"; };
		6EA037D11AAF0426001FAEDB /* SocketEventHandler.swift */ = {isa = PBXFileReference; fileEncoding = 4; lastKnownFileType = sourcecode.swift; path = SocketEventHandler.swift; sourceTree = "<group>"; };
		6EA037D21AAF0426001FAEDB /* SocketIOClient.swift */ = {isa = PBXFileReference; fileEncoding = 4; lastKnownFileType = sourcecode.swift; path = SocketIOClient.swift; sourceTree = "<group>"; };
		6EA037D31AAF0426001FAEDB /* SwiftRegex.swift */ = {isa = PBXFileReference; fileEncoding = 4; lastKnownFileType = sourcecode.swift; path = SwiftRegex.swift; sourceTree = "<group>"; };
/* End PBXFileReference section */

/* Begin PBXFrameworksBuildPhase section */
		6EA037951AAEFB31001FAEDB /* Frameworks */ = {
			isa = PBXFrameworksBuildPhase;
			buildActionMask = 2147483647;
			files = (
				6EA037CA1AAEFDDB001FAEDB /* Foundation.framework in Frameworks */,
				6EA037C81AAEFDC4001FAEDB /* Security.framework in Frameworks */,
				6EA037C61AAEFDB7001FAEDB /* CFNetwork.framework in Frameworks */,
				6EA037C41AAEFDA8001FAEDB /* libicucore.dylib in Frameworks */,
			);
			runOnlyForDeploymentPostprocessing = 0;
		};
		6EA037AA1AAEFB32001FAEDB /* Frameworks */ = {
			isa = PBXFrameworksBuildPhase;
			buildActionMask = 2147483647;
			files = (
			);
			runOnlyForDeploymentPostprocessing = 0;
		};
/* End PBXFrameworksBuildPhase section */

/* Begin PBXGroup section */
		6EA0378F1AAEFB31001FAEDB = {
			isa = PBXGroup;
			children = (
				6EA037CC1AAEFF61001FAEDB /* SocketRocket-Bridging-Header.h */,
				6EA0379A1AAEFB31001FAEDB /* SocketIOSample */,
				6EA037B01AAEFB32001FAEDB /* SocketIOSampleTests */,
				6EA037991AAEFB31001FAEDB /* Products */,
			);
			sourceTree = "<group>";
		};
		6EA037991AAEFB31001FAEDB /* Products */ = {
			isa = PBXGroup;
			children = (
				6EA037981AAEFB31001FAEDB /* SocketIOSample.app */,
				6EA037AD1AAEFB32001FAEDB /* SocketIOSampleTests.xctest */,
			);
			name = Products;
			sourceTree = "<group>";
		};
		6EA0379A1AAEFB31001FAEDB /* SocketIOSample */ = {
			isa = PBXGroup;
			children = (
				6EA037CB1AAEFDE4001FAEDB /* Framework */,
				6EA037BD1AAEFC68001FAEDB /* Libs */,
				6EA0379D1AAEFB31001FAEDB /* AppDelegate.swift */,
				6EA0379F1AAEFB31001FAEDB /* ViewController.swift */,
				6EA037A11AAEFB32001FAEDB /* Main.storyboard */,
				6EA037A41AAEFB32001FAEDB /* Images.xcassets */,
				6EA037A61AAEFB32001FAEDB /* LaunchScreen.xib */,
				6EA0379B1AAEFB31001FAEDB /* Supporting Files */,
			);
			path = SocketIOSample;
			sourceTree = "<group>";
		};
		6EA0379B1AAEFB31001FAEDB /* Supporting Files */ = {
			isa = PBXGroup;
			children = (
				6EA0379C1AAEFB31001FAEDB /* Info.plist */,
			);
			name = "Supporting Files";
			sourceTree = "<group>";
		};
		6EA037B01AAEFB32001FAEDB /* SocketIOSampleTests */ = {
			isa = PBXGroup;
			children = (
				6EA037B31AAEFB32001FAEDB /* SocketIOSampleTests.swift */,
				6EA037B11AAEFB32001FAEDB /* Supporting Files */,
			);
			path = SocketIOSampleTests;
			sourceTree = "<group>";
		};
		6EA037B11AAEFB32001FAEDB /* Supporting Files */ = {
			isa = PBXGroup;
			children = (
				6EA037B21AAEFB32001FAEDB /* Info.plist */,
			);
			name = "Supporting Files";
			sourceTree = "<group>";
		};
		6EA037BD1AAEFC68001FAEDB /* Libs */ = {
			isa = PBXGroup;
			children = (
				6EA037CD1AAF040D001FAEDB /* SwiftIO */,
				6EA037BE1AAEFC7D001FAEDB /* SocketRocket */,
			);
			path = Libs;
			sourceTree = "<group>";
		};
		6EA037BE1AAEFC7D001FAEDB /* SocketRocket */ = {
			isa = PBXGroup;
			children = (
				6EA037BF1AAEFC92001FAEDB /* SocketRocket-Prefix.pch */,
				6EA037C01AAEFC92001FAEDB /* SRWebSocket.h */,
				6EA037C11AAEFC92001FAEDB /* SRWebSocket.m */,
			);
			path = SocketRocket;
			sourceTree = "<group>";
		};
		6EA037CB1AAEFDE4001FAEDB /* Framework */ = {
			isa = PBXGroup;
			children = (
				6EA037C91AAEFDDB001FAEDB /* Foundation.framework */,
				6EA037C71AAEFDC4001FAEDB /* Security.framework */,
				6EA037C51AAEFDB7001FAEDB /* CFNetwork.framework */,
				6EA037C31AAEFDA8001FAEDB /* libicucore.dylib */,
			);
			name = Framework;
			sourceTree = "<group>";
		};
		6EA037CD1AAF040D001FAEDB /* SwiftIO */ = {
			isa = PBXGroup;
			children = (
				6EA037CE1AAF0426001FAEDB /* SocketAckHandler.swift */,
				6EA037CF1AAF0426001FAEDB /* SocketEngine.swift */,
				6EA037D01AAF0426001FAEDB /* SocketEvent.swift */,
				6EA037D11AAF0426001FAEDB /* SocketEventHandler.swift */,
				6EA037D21AAF0426001FAEDB /* SocketIOClient.swift */,
				6EA037D31AAF0426001FAEDB /* SwiftRegex.swift */,
			);
			path = SwiftIO;
			sourceTree = "<group>";
		};
/* End PBXGroup section */

/* Begin PBXNativeTarget section */
		6EA037971AAEFB31001FAEDB /* SocketIOSample */ = {
			isa = PBXNativeTarget;
			buildConfigurationList = 6EA037B71AAEFB32001FAEDB /* Build configuration list for PBXNativeTarget "SocketIOSample" */;
			buildPhases = (
				6EA037941AAEFB31001FAEDB /* Sources */,
				6EA037951AAEFB31001FAEDB /* Frameworks */,
				6EA037961AAEFB31001FAEDB /* Resources */,
			);
			buildRules = (
			);
			dependencies = (
			);
			name = SocketIOSample;
			productName = SocketIOSample;
			productReference = 6EA037981AAEFB31001FAEDB /* SocketIOSample.app */;
			productType = "com.apple.product-type.application";
		};
		6EA037AC1AAEFB32001FAEDB /* SocketIOSampleTests */ = {
			isa = PBXNativeTarget;
			buildConfigurationList = 6EA037BA1AAEFB32001FAEDB /* Build configuration list for PBXNativeTarget "SocketIOSampleTests" */;
			buildPhases = (
				6EA037A91AAEFB32001FAEDB /* Sources */,
				6EA037AA1AAEFB32001FAEDB /* Frameworks */,
				6EA037AB1AAEFB32001FAEDB /* Resources */,
			);
			buildRules = (
			);
			dependencies = (
				6EA037AF1AAEFB32001FAEDB /* PBXTargetDependency */,
			);
			name = SocketIOSampleTests;
			productName = SocketIOSampleTests;
			productReference = 6EA037AD1AAEFB32001FAEDB /* SocketIOSampleTests.xctest */;
			productType = "com.apple.product-type.bundle.unit-test";
		};
/* End PBXNativeTarget section */

/* Begin PBXProject section */
		6EA037901AAEFB31001FAEDB /* Project object */ = {
			isa = PBXProject;
			attributes = {
				LastUpgradeCheck = 0620;
				ORGANIZATIONNAME = grandbig.github.io;
				TargetAttributes = {
					6EA037971AAEFB31001FAEDB = {
						CreatedOnToolsVersion = 6.2;
					};
					6EA037AC1AAEFB32001FAEDB = {
						CreatedOnToolsVersion = 6.2;
						TestTargetID = 6EA037971AAEFB31001FAEDB;
					};
				};
			};
			buildConfigurationList = 6EA037931AAEFB31001FAEDB /* Build configuration list for PBXProject "SocketIOSample" */;
			compatibilityVersion = "Xcode 3.2";
			developmentRegion = English;
			hasScannedForEncodings = 0;
			knownRegions = (
				en,
				Base,
			);
			mainGroup = 6EA0378F1AAEFB31001FAEDB;
			productRefGroup = 6EA037991AAEFB31001FAEDB /* Products */;
			projectDirPath = "";
			projectRoot = "";
			targets = (
				6EA037971AAEFB31001FAEDB /* SocketIOSample */,
				6EA037AC1AAEFB32001FAEDB /* SocketIOSampleTests */,
			);
		};
/* End PBXProject section */

/* Begin PBXResourcesBuildPhase section */
		6EA037961AAEFB31001FAEDB /* Resources */ = {
			isa = PBXResourcesBuildPhase;
			buildActionMask = 2147483647;
			files = (
				6EA037A31AAEFB32001FAEDB /* Main.storyboard in Resources */,
				6EA037A81AAEFB32001FAEDB /* LaunchScreen.xib in Resources */,
				6EA037A51AAEFB32001FAEDB /* Images.xcassets in Resources */,
			);
			runOnlyForDeploymentPostprocessing = 0;
		};
		6EA037AB1AAEFB32001FAEDB /* Resources */ = {
			isa = PBXResourcesBuildPhase;
			buildActionMask = 2147483647;
			files = (
			);
			runOnlyForDeploymentPostprocessing = 0;
		};
/* End PBXResourcesBuildPhase section */

/* Begin PBXSourcesBuildPhase section */
		6EA037941AAEFB31001FAEDB /* Sources */ = {
			isa = PBXSourcesBuildPhase;
			buildActionMask = 2147483647;
			files = (
				6EA037C21AAEFC92001FAEDB /* SRWebSocket.m in Sources */,
				6EA037D61AAF0426001FAEDB /* SocketEvent.swift in Sources */,
				6EA037D91AAF0426001FAEDB /* SwiftRegex.swift in Sources */,
				6EA037D51AAF0426001FAEDB /* SocketEngine.swift in Sources */,
				6EA037A01AAEFB31001FAEDB /* ViewController.swift in Sources */,
				6EA037D71AAF0426001FAEDB /* SocketEventHandler.swift in Sources */,
				6EA0379E1AAEFB31001FAEDB /* AppDelegate.swift in Sources */,
				6EA037D41AAF0426001FAEDB /* SocketAckHandler.swift in Sources */,
				6EA037D81AAF0426001FAEDB /* SocketIOClient.swift in Sources */,
			);
			runOnlyForDeploymentPostprocessing = 0;
		};
		6EA037A91AAEFB32001FAEDB /* Sources */ = {
			isa = PBXSourcesBuildPhase;
			buildActionMask = 2147483647;
			files = (
				6EA037B41AAEFB32001FAEDB /* SocketIOSampleTests.swift in Sources */,
			);
			runOnlyForDeploymentPostprocessing = 0;
		};
/* End PBXSourcesBuildPhase section */

/* Begin PBXTargetDependency section */
		6EA037AF1AAEFB32001FAEDB /* PBXTargetDependency */ = {
			isa = PBXTargetDependency;
			target = 6EA037971AAEFB31001FAEDB /* SocketIOSample */;
			targetProxy = 6EA037AE1AAEFB32001FAEDB /* PBXContainerItemProxy */;
		};
/* End PBXTargetDependency section */

/* Begin PBXVariantGroup section */
		6EA037A11AAEFB32001FAEDB /* Main.storyboard */ = {
			isa = PBXVariantGroup;
			children = (
				6EA037A21AAEFB32001FAEDB /* Base */,
			);
			name = Main.storyboard;
			sourceTree = "<group>";
		};
		6EA037A61AAEFB32001FAEDB /* LaunchScreen.xib */ = {
			isa = PBXVariantGroup;
			children = (
				6EA037A71AAEFB32001FAEDB /* Base */,
			);
			name = LaunchScreen.xib;
			sourceTree = "<group>";
		};
/* End PBXVariantGroup section */

/* Begin XCBuildConfiguration section */
		6EA037B51AAEFB32001FAEDB /* Debug */ = {
			isa = XCBuildConfiguration;
			buildSettings = {
				ALWAYS_SEARCH_USER_PATHS = NO;
				CLANG_CXX_LANGUAGE_STANDARD = "gnu++0x";
				CLANG_CXX_LIBRARY = "libc++";
				CLANG_ENABLE_MODULES = YES;
				CLANG_ENABLE_OBJC_ARC = YES;
				CLANG_WARN_BOOL_CONVERSION = YES;
				CLANG_WARN_CONSTANT_CONVERSION = YES;
				CLANG_WARN_DIRECT_OBJC_ISA_USAGE = YES_ERROR;
				CLANG_WARN_EMPTY_BODY = YES;
				CLANG_WARN_ENUM_CONVERSION = YES;
				CLANG_WARN_INT_CONVERSION = YES;
				CLANG_WARN_OBJC_ROOT_CLASS = YES_ERROR;
				CLANG_WARN_UNREACHABLE_CODE = YES;
				CLANG_WARN__DUPLICATE_METHOD_MATCH = YES;
				"CODE_SIGN_IDENTITY[sdk=iphoneos*]" = "iPhone Developer";
				COPY_PHASE_STRIP = NO;
				ENABLE_STRICT_OBJC_MSGSEND = YES;
				GCC_C_LANGUAGE_STANDARD = gnu99;
				GCC_DYNAMIC_NO_PIC = NO;
				GCC_OPTIMIZATION_LEVEL = 0;
				GCC_PREPROCESSOR_DEFINITIONS = (
					"DEBUG=1",
					"$(inherited)",
				);
				GCC_SYMBOLS_PRIVATE_EXTERN = NO;
				GCC_WARN_64_TO_32_BIT_CONVERSION = YES;
				GCC_WARN_ABOUT_RETURN_TYPE = YES_ERROR;
				GCC_WARN_UNDECLARED_SELECTOR = YES;
				GCC_WARN_UNINITIALIZED_AUTOS = YES_AGGRESSIVE;
				GCC_WARN_UNUSED_FUNCTION = YES;
				GCC_WARN_UNUSED_VARIABLE = YES;
				IPHONEOS_DEPLOYMENT_TARGET = 8.2;
				MTL_ENABLE_DEBUG_INFO = YES;
				ONLY_ACTIVE_ARCH = YES;
				SDKROOT = iphoneos;
				SWIFT_OPTIMIZATION_LEVEL = "-Onone";
			};
			name = Debug;
		};
		6EA037B61AAEFB32001FAEDB /* Release */ = {
			isa = XCBuildConfiguration;
			buildSettings = {
				ALWAYS_SEARCH_USER_PATHS = NO;
				CLANG_CXX_LANGUAGE_STANDARD = "gnu++0x";
				CLANG_CXX_LIBRARY = "libc++";
				CLANG_ENABLE_MODULES = YES;
				CLANG_ENABLE_OBJC_ARC = YES;
				CLANG_WARN_BOOL_CONVERSION = YES;
				CLANG_WARN_CONSTANT_CONVERSION = YES;
				CLANG_WARN_DIRECT_OBJC_ISA_USAGE = YES_ERROR;
				CLANG_WARN_EMPTY_BODY = YES;
				CLANG_WARN_ENUM_CONVERSION = YES;
				CLANG_WARN_INT_CONVERSION = YES;
				CLANG_WARN_OBJC_ROOT_CLASS = YES_ERROR;
				CLANG_WARN_UNREACHABLE_CODE = YES;
				CLANG_WARN__DUPLICATE_METHOD_MATCH = YES;
				"CODE_SIGN_IDENTITY[sdk=iphoneos*]" = "iPhone Developer";
				COPY_PHASE_STRIP = NO;
				ENABLE_NS_ASSERTIONS = NO;
				ENABLE_STRICT_OBJC_MSGSEND = YES;
				GCC_C_LANGUAGE_STANDARD = gnu99;
				GCC_WARN_64_TO_32_BIT_CONVERSION = YES;
				GCC_WARN_ABOUT_RETURN_TYPE = YES_ERROR;
				GCC_WARN_UNDECLARED_SELECTOR = YES;
				GCC_WARN_UNINITIALIZED_AUTOS = YES_AGGRESSIVE;
				GCC_WARN_UNUSED_FUNCTION = YES;
				GCC_WARN_UNUSED_VARIABLE = YES;
				IPHONEOS_DEPLOYMENT_TARGET = 8.2;
				MTL_ENABLE_DEBUG_INFO = NO;
				SDKROOT = iphoneos;
				VALIDATE_PRODUCT = YES;
			};
			name = Release;
		};
		6EA037B81AAEFB32001FAEDB /* Debug */ = {
			isa = XCBuildConfiguration;
			buildSettings = {
				ASSETCATALOG_COMPILER_APPICON_NAME = AppIcon;
				ASSETCATALOG_COMPILER_LAUNCHIMAGE_NAME = LaunchImage;
				INFOPLIST_FILE = SocketIOSample/Info.plist;
				IPHONEOS_DEPLOYMENT_TARGET = 7.0;
				LD_RUNPATH_SEARCH_PATHS = "$(inherited) @executable_path/Frameworks";
				PRODUCT_NAME = "$(TARGET_NAME)";
				SWIFT_OBJC_BRIDGING_HEADER = "SocketIOSample/SocketRocket-Bridging-Header.h";
			};
			name = Debug;
		};
		6EA037B91AAEFB32001FAEDB /* Release */ = {
			isa = XCBuildConfiguration;
			buildSettings = {
				ASSETCATALOG_COMPILER_APPICON_NAME = AppIcon;
				ASSETCATALOG_COMPILER_LAUNCHIMAGE_NAME = LaunchImage;
				INFOPLIST_FILE = SocketIOSample/Info.plist;
				IPHONEOS_DEPLOYMENT_TARGET = 7.0;
				LD_RUNPATH_SEARCH_PATHS = "$(inherited) @executable_path/Frameworks";
				PRODUCT_NAME = "$(TARGET_NAME)";
				SWIFT_OBJC_BRIDGING_HEADER = "SocketIOSample/SocketRocket-Bridging-Header.h";
			};
			name = Release;
		};
		6EA037BB1AAEFB32001FAEDB /* Debug */ = {
			isa = XCBuildConfiguration;
			buildSettings = {
				BUNDLE_LOADER = "$(TEST_HOST)";
				FRAMEWORK_SEARCH_PATHS = (
					"$(SDKROOT)/Developer/Library/Frameworks",
					"$(inherited)",
				);
				GCC_PREPROCESSOR_DEFINITIONS = (
					"DEBUG=1",
					"$(inherited)",
				);
				INFOPLIST_FILE = SocketIOSampleTests/Info.plist;
				LD_RUNPATH_SEARCH_PATHS = "$(inherited) @executable_path/Frameworks @loader_path/Frameworks";
				PRODUCT_NAME = "$(TARGET_NAME)";
				TEST_HOST = "$(BUILT_PRODUCTS_DIR)/SocketIOSample.app/SocketIOSample";
			};
			name = Debug;
		};
		6EA037BC1AAEFB32001FAEDB /* Release */ = {
			isa = XCBuildConfiguration;
			buildSettings = {
				BUNDLE_LOADER = "$(TEST_HOST)";
				FRAMEWORK_SEARCH_PATHS = (
					"$(SDKROOT)/Developer/Library/Frameworks",
					"$(inherited)",
				);
				INFOPLIST_FILE = SocketIOSampleTests/Info.plist;
				LD_RUNPATH_SEARCH_PATHS = "$(inherited) @executable_path/Frameworks @loader_path/Frameworks";
				PRODUCT_NAME = "$(TARGET_NAME)";
				TEST_HOST = "$(BUILT_PRODUCTS_DIR)/SocketIOSample.app/SocketIOSample";
			};
			name = Release;
		};
/* End XCBuildConfiguration section */

/* Begin XCConfigurationList section */
		6EA037931AAEFB31001FAEDB /* Build configuration list for PBXProject "SocketIOSample" */ = {
			isa = XCConfigurationList;
			buildConfigurations = (
				6EA037B51AAEFB32001FAEDB /* Debug */,
				6EA037B61AAEFB32001FAEDB /* Release */,
			);
			defaultConfigurationIsVisible = 0;
			defaultConfigurationName = Release;
		};
		6EA037B71AAEFB32001FAEDB /* Build configuration list for PBXNativeTarget "SocketIOSample" */ = {
			isa = XCConfigurationList;
			buildConfigurations = (
				6EA037B81AAEFB32001FAEDB /* Debug */,
				6EA037B91AAEFB32001FAEDB /* Release */,
			);
			defaultConfigurationIsVisible = 0;
		};
		6EA037BA1AAEFB32001FAEDB /* Build configuration list for PBXNativeTarget "SocketIOSampleTests" */ = {
			isa = XCConfigurationList;
			buildConfigurations = (
				6EA037BB1AAEFB32001FAEDB /* Debug */,
				6EA037BC1AAEFB32001FAEDB /* Release */,
			);
			defaultConfigurationIsVisible = 0;
		};
/* End XCConfigurationList section */
	};
	rootObject = 6EA037901AAEFB31001FAEDB /* Project object */;
}
